
Microsoft Visual Studio Solution File, Format Version 12.00
# Visual Studio Version 17
VisualStudioVersion = 17.0.31903.59
MinimumVisualStudioVersion = 10.0.40219.1
Project("{2150E333-8FDC-42A3-9474-1A3956D46DE8}") = "src", "src", "{827E0CD3-B72D-47B6-A68D-7590B98EB39B}"
EndProject
Project("{FAE04EC0-301F-11D3-BF4B-00C04F79EFBC}") = "Tracky.App", "src\Tracky.App\Tracky.App.csproj", "{B99B8A30-87E0-4C47-982D-94969596BE96}"
EndProject
Project("{FAE04EC0-301F-11D3-BF4B-00C04F79EFBC}") = "Tracky.Core", "src\Tracky.Core\Tracky.Core.csproj", "{3F7A7762-48A9-4344-9C66-A2BFD6F593FB}"
EndProject
Project("{FAE04EC0-301F-11D3-BF4B-00C04F79EFBC}") = "Tracky.Infrastructure", "src\Tracky.Infrastructure\Tracky.Infrastructure.csproj", "{B186BE24-4A5E-4A6B-B70B-38E902CE3693}"
EndProject
Project("{2150E333-8FDC-42A3-9474-1A3956D46DE8}") = "tests", "tests", "{0AB3BF05-4346-4AA6-1389-037BE0695223}"
EndProject
Project("{FAE04EC0-301F-11D3-BF4B-00C04F79EFBC}") = "Tracky.Core.Tests", "tests\Tracky.Core.Tests\Tracky.Core.Tests.csproj", "{C90E26BB-16B6-4BB5-8498-D1C9987E9931}"
EndProject
Project("{FAE04EC0-301F-11D3-BF4B-00C04F79EFBC}") = "Tracky.App.Tests", "tests\Tracky.App.Tests\Tracky.App.Tests.csproj", "{589656D4-22C6-4C4B-8BB2-D17EFE42ECDE}"
EndProject
Global
	GlobalSection(SolutionConfigurationPlatforms) = preSolution
		Debug|Any CPU = Debug|Any CPU
		Debug|x64 = Debug|x64
		Debug|x86 = Debug|x86
		Release|Any CPU = Release|Any CPU
		Release|x64 = Release|x64
		Release|x86 = Release|x86
	EndGlobalSection
	GlobalSection(ProjectConfigurationPlatforms) = postSolution
		{B99B8A30-87E0-4C47-982D-94969596BE96}.Debug|Any CPU.ActiveCfg = Debug|Any CPU
		{B99B8A30-87E0-4C47-982D-94969596BE96}.Debug|Any CPU.Build.0 = Debug|Any CPU
		{B99B8A30-87E0-4C47-982D-94969596BE96}.Debug|x64.ActiveCfg = Debug|Any CPU
		{B99B8A30-87E0-4C47-982D-94969596BE96}.Debug|x64.Build.0 = Debug|Any CPU
		{B99B8A30-87E0-4C47-982D-94969596BE96}.Debug|x86.ActiveCfg = Debug|Any CPU
		{B99B8A30-87E0-4C47-982D-94969596BE96}.Debug|x86.Build.0 = Debug|Any CPU
		{B99B8A30-87E0-4C47-982D-94969596BE96}.Release|Any CPU.ActiveCfg = Release|Any CPU
		{B99B8A30-87E0-4C47-982D-94969596BE96}.Release|Any CPU.Build.0 = Release|Any CPU
		{B99B8A30-87E0-4C47-982D-94969596BE96}.Release|x64.ActiveCfg = Release|Any CPU
		{B99B8A30-87E0-4C47-982D-94969596BE96}.Release|x64.Build.0 = Release|Any CPU
		{B99B8A30-87E0-4C47-982D-94969596BE96}.Release|x86.ActiveCfg = Release|Any CPU
		{B99B8A30-87E0-4C47-982D-94969596BE96}.Release|x86.Build.0 = Release|Any CPU
		{3F7A7762-48A9-4344-9C66-A2BFD6F593FB}.Debug|Any CPU.ActiveCfg = Debug|Any CPU
		{3F7A7762-48A9-4344-9C66-A2BFD6F593FB}.Debug|Any CPU.Build.0 = Debug|Any CPU
		{3F7A7762-48A9-4344-9C66-A2BFD6F593FB}.Debug|x64.ActiveCfg = Debug|Any CPU
		{3F7A7762-48A9-4344-9C66-A2BFD6F593FB}.Debug|x64.Build.0 = Debug|Any CPU
		{3F7A7762-48A9-4344-9C66-A2BFD6F593FB}.Debug|x86.ActiveCfg = Debug|Any CPU
		{3F7A7762-48A9-4344-9C66-A2BFD6F593FB}.Debug|x86.Build.0 = Debug|Any CPU
		{3F7A7762-48A9-4344-9C66-A2BFD6F593FB}.Release|Any CPU.ActiveCfg = Release|Any CPU
		{3F7A7762-48A9-4344-9C66-A2BFD6F593FB}.Release|Any CPU.Build.0 = Release|Any CPU
		{3F7A7762-48A9-4344-9C66-A2BFD6F593FB}.Release|x64.ActiveCfg = Release|Any CPU
		{3F7A7762-48A9-4344-9C66-A2BFD6F593FB}.Release|x64.Build.0 = Release|Any CPU
		{3F7A7762-48A9-4344-9C66-A2BFD6F593FB}.Release|x86.ActiveCfg = Release|Any CPU
		{3F7A7762-48A9-4344-9C66-A2BFD6F593FB}.Release|x86.Build.0 = Release|Any CPU
		{B186BE24-4A5E-4A6B-B70B-38E902CE3693}.Debug|Any CPU.ActiveCfg = Debug|Any CPU
		{B186BE24-4A5E-4A6B-B70B-38E902CE3693}.Debug|Any CPU.Build.0 = Debug|Any CPU
		{B186BE24-4A5E-4A6B-B70B-38E902CE3693}.Debug|x64.ActiveCfg = Debug|Any CPU
		{B186BE24-4A5E-4A6B-B70B-38E902CE3693}.Debug|x64.Build.0 = Debug|Any CPU
		{B186BE24-4A5E-4A6B-B70B-38E902CE3693}.Debug|x86.ActiveCfg = Debug|Any CPU
		{B186BE24-4A5E-4A6B-B70B-38E902CE3693}.Debug|x86.Build.0 = Debug|Any CPU
		{B186BE24-4A5E-4A6B-B70B-38E902CE3693}.Release|Any CPU.ActiveCfg = Release|Any CPU
		{B186BE24-4A5E-4A6B-B70B-38E902CE3693}.Release|Any CPU.Build.0 = Release|Any CPU
		{B186BE24-4A5E-4A6B-B70B-38E902CE3693}.Release|x64.ActiveCfg = Release|Any CPU
		{B186BE24-4A5E-4A6B-B70B-38E902CE3693}.Release|x64.Build.0 = Release|Any CPU
		{B186BE24-4A5E-4A6B-B70B-38E902CE3693}.Release|x86.ActiveCfg = Release|Any CPU
		{B186BE24-4A5E-4A6B-B70B-38E902CE3693}.Release|x86.Build.0 = Release|Any CPU
		{C90E26BB-16B6-4BB5-8498-D1C9987E9931}.Debug|Any CPU.ActiveCfg = Debug|Any CPU
		{C90E26BB-16B6-4BB5-8498-D1C9987E9931}.Debug|Any CPU.Build.0 = Debug|Any CPU
		{C90E26BB-16B6-4BB5-8498-D1C9987E9931}.Debug|x64.ActiveCfg = Debug|Any CPU
		{C90E26BB-16B6-4BB5-8498-D1C9987E9931}.Debug|x64.Build.0 = Debug|Any CPU
		{C90E26BB-16B6-4BB5-8498-D1C9987E9931}.Debug|x86.ActiveCfg = Debug|Any CPU
		{C90E26BB-16B6-4BB5-8498-D1C9987E9931}.Debug|x86.Build.0 = Debug|Any CPU
		{C90E26BB-16B6-4BB5-8498-D1C9987E9931}.Release|Any CPU.ActiveCfg = Release|Any CPU
		{C90E26BB-16B6-4BB5-8498-D1C9987E9931}.Release|Any CPU.Build.0 = Release|Any CPU
		{C90E26BB-16B6-4BB5-8498-D1C9987E9931}.Release|x64.ActiveCfg = Release|Any CPU
		{C90E26BB-16B6-4BB5-8498-D1C9987E9931}.Release|x64.Build.0 = Release|Any CPU
		{C90E26BB-16B6-4BB5-8498-D1C9987E9931}.Release|x86.ActiveCfg = Release|Any CPU
		{C90E26BB-16B6-4BB5-8498-D1C9987E9931}.Release|x86.Build.0 = Release|Any CPU
		{589656D4-22C6-4C4B-8BB2-D17EFE42ECDE}.Debug|Any CPU.ActiveCfg = Debug|Any CPU
		{589656D4-22C6-4C4B-8BB2-D17EFE42ECDE}.Debug|Any CPU.Build.0 = Debug|Any CPU
		{589656D4-22C6-4C4B-8BB2-D17EFE42ECDE}.Debug|x64.ActiveCfg = Debug|Any CPU
		{589656D4-22C6-4C4B-8BB2-D17EFE42ECDE}.Debug|x64.Build.0 = Debug|Any CPU
		{589656D4-22C6-4C4B-8BB2-D17EFE42ECDE}.Debug|x86.ActiveCfg = Debug|Any CPU
		{589656D4-22C6-4C4B-8BB2-D17EFE42ECDE}.Debug|x86.Build.0 = Debug|Any CPU
		{589656D4-22C6-4C4B-8BB2-D17EFE42ECDE}.Release|Any CPU.ActiveCfg = Release|Any CPU
		{589656D4-22C6-4C4B-8BB2-D17EFE42ECDE}.Release|Any CPU.Build.0 = Release|Any CPU
		{589656D4-22C6-4C4B-8BB2-D17EFE42ECDE}.Release|x64.ActiveCfg = Release|Any CPU
		{589656D4-22C6-4C4B-8BB2-D17EFE42ECDE}.Release|x64.Build.0 = Release|Any CPU
		{589656D4-22C6-4C4B-8BB2-D17EFE42ECDE}.Release|x86.ActiveCfg = Release|Any CPU
		{589656D4-22C6-4C4B-8BB2-D17EFE42ECDE}.Release|x86.Build.0 = Release|Any CPU
	EndGlobalSection
	GlobalSection(SolutionProperties) = preSolution
		HideSolutionNode = FALSE
	EndGlobalSection
	GlobalSection(NestedProjects) = preSolution
		{B99B8A30-87E0-4C47-982D-94969596BE96} = {827E0CD3-B72D-47B6-A68D-7590B98EB39B}
		{3F7A7762-48A9-4344-9C66-A2BFD6F593FB} = {827E0CD3-B72D-47B6-A68D-7590B98EB39B}
		{B186BE24-4A5E-4A6B-B70B-38E902CE3693} = {827E0CD3-B72D-47B6-A68D-7590B98EB39B}
		{C90E26BB-16B6-4BB5-8498-D1C9987E9931} = {0AB3BF05-4346-4AA6-1389-037BE0695223}
		{589656D4-22C6-4C4B-8BB2-D17EFE42ECDE} = {0AB3BF05-4346-4AA6-1389-037BE0695223}
	EndGlobalSection
EndGlobal
